
Microsoft Visual Studio Solution File, Format Version 12.00
# Visual Studio Version 16
VisualStudioVersion = 16.0.31613.86
MinimumVisualStudioVersion = 10.0.40219.1
Project("{FAE04EC0-301F-11D3-BF4B-00C04F79EFBC}") = "proyecto sici 22", "proyecto sici 22.csproj", "{36796952-D880-4FA4-9CA7-A3A61199A42C}"
EndProject
Global
	GlobalSection(SolutionConfigurationPlatforms) = preSolution
		Debug|Any CPU = Debug|Any CPU
		Release|Any CPU = Release|Any CPU
	EndGlobalSection
	GlobalSection(ProjectConfigurationPlatforms) = postSolution
		{36796952-D880-4FA4-9CA7-A3A61199A42C}.Debug|Any CPU.ActiveCfg = Debug|Any CPU
		{36796952-D880-4FA4-9CA7-A3A61199A42C}.Debug|Any CPU.Build.0 = Debug|Any CPU
		{36796952-D880-4FA4-9CA7-A3A61199A42C}.Release|Any CPU.ActiveCfg = Release|Any CPU
		{36796952-D880-4FA4-9CA7-A3A61199A42C}.Release|Any CPU.Build.0 = Release|Any CPU
	EndGlobalSection
	GlobalSection(SolutionProperties) = preSolution
		HideSolutionNode = FALSE
	EndGlobalSection
	GlobalSection(ExtensibilityGlobals) = postSolution
		SolutionGuid = {A88E8E54-3FB5-4FC6-B092-5C82A2DCCBC7}
	EndGlobalSection
EndGlobal
